// !$*UTF8*$!
{
	archiveVersion = 1;
	classes = {
	};
	objectVersion = 56;
	objects = {

/* Begin PBXBuildFile section */
		CDAAD02629FF09DB00C66DF5 /* CryptoCrazySwiftUIApp.swift in Sources */ = {isa = PBXBuildFile; fileRef = CDAAD02529FF09DB00C66DF5 /* CryptoCrazySwiftUIApp.swift */; };
		CDAAD02829FF09DB00C66DF5 /* HomeView.swift in Sources */ = {isa = PBXBuildFile; fileRef = CDAAD02729FF09DB00C66DF5 /* HomeView.swift */; };
		CDAAD02A29FF09DC00C66DF5 /* Assets.xcassets in Resources */ = {isa = PBXBuildFile; fileRef = CDAAD02929FF09DC00C66DF5 /* Assets.xcassets */; };
		CDAAD02D29FF09DC00C66DF5 /* Preview Assets.xcassets in Resources */ = {isa = PBXBuildFile; fileRef = CDAAD02C29FF09DC00C66DF5 /* Preview Assets.xcassets */; };
		CDAAD03829FF0AA100C66DF5 /* CryptoViewModel.swift in Sources */ = {isa = PBXBuildFile; fileRef = CDAAD03729FF0AA100C66DF5 /* CryptoViewModel.swift */; };
		CDAAD03A29FF0AAD00C66DF5 /* CryptoService.swift in Sources */ = {isa = PBXBuildFile; fileRef = CDAAD03929FF0AAD00C66DF5 /* CryptoService.swift */; };
		CDAAD03C29FF0AB900C66DF5 /* CryptoModel.swift in Sources */ = {isa = PBXBuildFile; fileRef = CDAAD03B29FF0AB900C66DF5 /* CryptoModel.swift */; };
/* End PBXBuildFile section */

/* Begin PBXFileReference section */
		CDAAD02229FF09DB00C66DF5 /* CryptoCrazySwiftUI.app */ = {isa = PBXFileReference; explicitFileType = wrapper.application; includeInIndex = 0; path = CryptoCrazySwiftUI.app; sourceTree = BUILT_PRODUCTS_DIR; };
		CDAAD02529FF09DB00C66DF5 /* CryptoCrazySwiftUIApp.swift */ = {isa = PBXFileReference; lastKnownFileType = sourcecode.swift; path = CryptoCrazySwiftUIApp.swift; sourceTree = "<group>"; };
		CDAAD02729FF09DB00C66DF5 /* HomeView.swift */ = {isa = PBXFileReference; lastKnownFileType = sourcecode.swift; path = HomeView.swift; sourceTree = "<group>"; };
		CDAAD02929FF09DC00C66DF5 /* Assets.xcassets */ = {isa = PBXFileReference; lastKnownFileType = folder.assetcatalog; path = Assets.xcassets; sourceTree = "<group>"; };
		CDAAD02C29FF09DC00C66DF5 /* Preview Assets.xcassets */ = {isa = PBXFileReference; lastKnownFileType = folder.assetcatalog; path = "Preview Assets.xcassets"; sourceTree = "<group>"; };
		CDAAD03729FF0AA100C66DF5 /* CryptoViewModel.swift */ = {isa = PBXFileReference; lastKnownFileType = sourcecode.swift; path = CryptoViewModel.swift; sourceTree = "<group>"; };
		CDAAD03929FF0AAD00C66DF5 /* CryptoService.swift */ = {isa = PBXFileReference; lastKnownFileType = sourcecode.swift; path = CryptoService.swift; sourceTree = "<group>"; };
		CDAAD03B29FF0AB900C66DF5 /* CryptoModel.swift */ = {isa = PBXFileReference; lastKnownFileType = sourcecode.swift; path = CryptoModel.swift; sourceTree = "<group>"; };
/* End PBXFileReference section */

/* Begin PBXFrameworksBuildPhase section */
		CDAAD01F29FF09DB00C66DF5 /* Frameworks */ = {
			isa = PBXFrameworksBuildPhase;
			buildActionMask = 2147483647;
			files = (
			);
			runOnlyForDeploymentPostprocessing = 0;
		};
/* End PBXFrameworksBuildPhase section */

/* Begin PBXGroup section */
		CDAAD01929FF09DB00C66DF5 = {
			isa = PBXGroup;
			children = (
				CDAAD02429FF09DB00C66DF5 /* CryptoCrazySwiftUI */,
				CDAAD02329FF09DB00C66DF5 /* Products */,
			);
			sourceTree = "<group>";
		};
		CDAAD02329FF09DB00C66DF5 /* Products */ = {
			isa = PBXGroup;
			children = (
				CDAAD02229FF09DB00C66DF5 /* CryptoCrazySwiftUI.app */,
			);
			name = Products;
			sourceTree = "<group>";
		};
		CDAAD02429FF09DB00C66DF5 /* CryptoCrazySwiftUI */ = {
			isa = PBXGroup;
			children = (
				CDAAD03629FF0A1100C66DF5 /* Service */,
				CDAAD03529FF0A0400C66DF5 /* ViewModel */,
				CDAAD03429FF09FE00C66DF5 /* View */,
				CDAAD03329FF09F800C66DF5 /* Model */,
				CDAAD02529FF09DB00C66DF5 /* CryptoCrazySwiftUIApp.swift */,
				CDAAD02929FF09DC00C66DF5 /* Assets.xcassets */,
				CDAAD02B29FF09DC00C66DF5 /* Preview Content */,
			);
			path = CryptoCrazySwiftUI;
			sourceTree = "<group>";
		};
		CDAAD02B29FF09DC00C66DF5 /* Preview Content */ = {
			isa = PBXGroup;
			children = (
				CDAAD02C29FF09DC00C66DF5 /* Preview Assets.xcassets */,
			);
			path = "Preview Content";
			sourceTree = "<group>";
		};
		CDAAD03329FF09F800C66DF5 /* Model */ = {
			isa = PBXGroup;
			children = (
				CDAAD03B29FF0AB900C66DF5 /* CryptoModel.swift */,
			);
			path = Model;
			sourceTree = "<group>";
		};
		CDAAD03429FF09FE00C66DF5 /* View */ = {
			isa = PBXGroup;
			children = (
				CDAAD02729FF09DB00C66DF5 /* HomeView.swift */,
			);
			path = View;
			sourceTree = "<group>";
		};
		CDAAD03529FF0A0400C66DF5 /* ViewModel */ = {
			isa = PBXGroup;
			children = (
				CDAAD03729FF0AA100C66DF5 /* CryptoViewModel.swift */,
			);
			path = ViewModel;
			sourceTree = "<group>";
		};
		CDAAD03629FF0A1100C66DF5 /* Service */ = {
			isa = PBXGroup;
			children = (
				CDAAD03929FF0AAD00C66DF5 /* CryptoService.swift */,
			);
			path = Service;
			sourceTree = "<group>";
		};
/* End PBXGroup section */

/* Begin PBXNativeTarget section */
		CDAAD02129FF09DB00C66DF5 /* CryptoCrazySwiftUI */ = {
			isa = PBXNativeTarget;
			buildConfigurationList = CDAAD03029FF09DC00C66DF5 /* Build configuration list for PBXNativeTarget "CryptoCrazySwiftUI" */;
			buildPhases = (
				CDAAD01E29FF09DB00C66DF5 /* Sources */,
				CDAAD01F29FF09DB00C66DF5 /* Frameworks */,
				CDAAD02029FF09DB00C66DF5 /* Resources */,
			);
			buildRules = (
			);
			dependencies = (
			);
			name = CryptoCrazySwiftUI;
			productName = CryptoCrazySwiftUI;
			productReference = CDAAD02229FF09DB00C66DF5 /* CryptoCrazySwiftUI.app */;
			productType = "com.apple.product-type.application";
		};
/* End PBXNativeTarget section */

/* Begin PBXProject section */
		CDAAD01A29FF09DB00C66DF5 /* Project object */ = {
			isa = PBXProject;
			attributes = {
				BuildIndependentTargetsInParallel = 1;
				LastSwiftUpdateCheck = 1430;
				LastUpgradeCheck = 1430;
				TargetAttributes = {
					CDAAD02129FF09DB00C66DF5 = {
						CreatedOnToolsVersion = 14.3;
					};
				};
			};
			buildConfigurationList = CDAAD01D29FF09DB00C66DF5 /* Build configuration list for PBXProject "CryptoCrazySwiftUI" */;
			compatibilityVersion = "Xcode 14.0";
			developmentRegion = en;
			hasScannedForEncodings = 0;
			knownRegions = (
				en,
				Base,
			);
			mainGroup = CDAAD01929FF09DB00C66DF5;
			productRefGroup = CDAAD02329FF09DB00C66DF5 /* Products */;
			projectDirPath = "";
			projectRoot = "";
			targets = (
				CDAAD02129FF09DB00C66DF5 /* CryptoCrazySwiftUI */,
			);
		};
/* End PBXProject section */

/* Begin PBXResourcesBuildPhase section */
		CDAAD02029FF09DB00C66DF5 /* Resources */ = {
			isa = PBXResourcesBuildPhase;
			buildActionMask = 2147483647;
			files = (
				CDAAD02D29FF09DC00C66DF5 /* Preview Assets.xcassets in Resources */,
				CDAAD02A29FF09DC00C66DF5 /* Assets.xcassets in Resources */,
			);
			runOnlyForDeploymentPostprocessing = 0;
		};
/* End PBXResourcesBuildPhase section */

/* Begin PBXSourcesBuildPhase section */
		CDAAD01E29FF09DB00C66DF5 /* Sources */ = {
			isa = PBXSourcesBuildPhase;
			buildActionMask = 2147483647;
			files = (
				CDAAD03A29FF0AAD00C66DF5 /* CryptoService.swift in Sources */,
				CDAAD02829FF09DB00C66DF5 /* HomeView.swift in Sources */,
				CDAAD02629FF09DB00C66DF5 /* CryptoCrazySwiftUIApp.swift in Sources */,
				CDAAD03829FF0AA100C66DF5 /* CryptoViewModel.swift in Sources */,
				CDAAD03C29FF0AB900C66DF5 /* CryptoModel.swift in Sources */,
			);
			runOnlyForDeploymentPostprocessing = 0;
		};
/* End PBXSourcesBuildPhase section */

/* Begin XCBuildConfiguration section */
		CDAAD02E29FF09DC00C66DF5 /* Debug */ = {
			isa = XCBuildConfiguration;
			buildSettings = {
				ALWAYS_SEARCH_USER_PATHS = NO;
				CLANG_ANALYZER_NONNULL = YES;
				CLANG_ANALYZER_NUMBER_OBJECT_CONVERSION = YES_AGGRESSIVE;
				CLANG_CXX_LANGUAGE_STANDARD = "gnu++20";
				CLANG_ENABLE_MODULES = YES;
				CLANG_ENABLE_OBJC_ARC = YES;
				CLANG_ENABLE_OBJC_WEAK = YES;
				CLANG_WARN_BLOCK_CAPTURE_AUTORELEASING = YES;
				CLANG_WARN_BOOL_CONVERSION = YES;
				CLANG_WARN_COMMA = YES;
				CLANG_WARN_CONSTANT_CONVERSION = YES;
				CLANG_WARN_DEPRECATED_OBJC_IMPLEMENTATIONS = YES;
				CLANG_WARN_DIRECT_OBJC_ISA_USAGE = YES_ERROR;
				CLANG_WARN_DOCUMENTATION_COMMENTS = YES;
				CLANG_WARN_EMPTY_BODY = YES;
				CLANG_WARN_ENUM_CONVERSION = YES;
				CLANG_WARN_INFINITE_RECURSION = YES;
				CLANG_WARN_INT_CONVERSION = YES;
				CLANG_WARN_NON_LITERAL_NULL_CONVERSION = YES;
				CLANG_WARN_OBJC_IMPLICIT_RETAIN_SELF = YES;
				CLANG_WARN_OBJC_LITERAL_CONVERSION = YES;
				CLANG_WARN_OBJC_ROOT_CLASS = YES_ERROR;
				CLANG_WARN_QUOTED_INCLUDE_IN_FRAMEWORK_HEADER = YES;
				CLANG_WARN_RANGE_LOOP_ANALYSIS = YES;
				CLANG_WARN_STRICT_PROTOTYPES = YES;
				CLANG_WARN_SUSPICIOUS_MOVE = YES;
				CLANG_WARN_UNGUARDED_AVAILABILITY = YES_AGGRESSIVE;
				CLANG_WARN_UNREACHABLE_CODE = YES;
				CLANG_WARN__DUPLICATE_METHOD_MATCH = YES;
				COPY_PHASE_STRIP = NO;
				DEBUG_INFORMATION_FORMAT = dwarf;
				ENABLE_STRICT_OBJC_MSGSEND = YES;
				ENABLE_TESTABILITY = YES;
				GCC_C_LANGUAGE_STANDARD = gnu11;
				GCC_DYNAMIC_NO_PIC = NO;
				GCC_NO_COMMON_BLOCKS = YES;
				GCC_OPTIMIZATION_LEVEL = 0;
				GCC_PREPROCESSOR_DEFINITIONS = (
					"DEBUG=1",
					"$(inherited)",
				);
				GCC_WARN_64_TO_32_BIT_CONVERSION = YES;
				GCC_WARN_ABOUT_RETURN_TYPE = YES_ERROR;
				GCC_WARN_UNDECLARED_SELECTOR = YES;
				GCC_WARN_UNINITIALIZED_AUTOS = YES_AGGRESSIVE;
				GCC_WARN_UNUSED_FUNCTION = YES;
				GCC_WARN_UNUSED_VARIABLE = YES;
				IPHONEOS_DEPLOYMENT_TARGET = 16.4;
				MTL_ENABLE_DEBUG_INFO = INCLUDE_SOURCE;
				MTL_FAST_MATH = YES;
				ONLY_ACTIVE_ARCH = YES;
				SDKROOT = iphoneos;
				SWIFT_ACTIVE_COMPILATION_CONDITIONS = DEBUG;
				SWIFT_OPTIMIZATION_LEVEL = "-Onone";
			};
			name = Debug;
		};
		CDAAD02F29FF09DC00C66DF5 /* Release */ = {
			isa = XCBuildConfiguration;
			buildSettings = {
				ALWAYS_SEARCH_USER_PATHS = NO;
				CLANG_ANALYZER_NONNULL = YES;
				CLANG_ANALYZER_NUMBER_OBJECT_CONVERSION = YES_AGGRESSIVE;
				CLANG_CXX_LANGUAGE_STANDARD = "gnu++20";
				CLANG_ENABLE_MODULES = YES;
				CLANG_ENABLE_OBJC_ARC = YES;
				CLANG_ENABLE_OBJC_WEAK = YES;
				CLANG_WARN_BLOCK_CAPTURE_AUTORELEASING = YES;
				CLANG_WARN_BOOL_CONVERSION = YES;
				CLANG_WARN_COMMA = YES;
				CLANG_WARN_CONSTANT_CONVERSION = YES;
				CLANG_WARN_DEPRECATED_OBJC_IMPLEMENTATIONS = YES;
				CLANG_WARN_DIRECT_OBJC_ISA_USAGE = YES_ERROR;
				CLANG_WARN_DOCUMENTATION_COMMENTS = YES;
				CLANG_WARN_EMPTY_BODY = YES;
				CLANG_WARN_ENUM_CONVERSION = YES;
				CLANG_WARN_INFINITE_RECURSION = YES;
				CLANG_WARN_INT_CONVERSION = YES;
				CLANG_WARN_NON_LITERAL_NULL_CONVERSION = YES;
				CLANG_WARN_OBJC_IMPLICIT_RETAIN_SELF = YES;
				CLANG_WARN_OBJC_LITERAL_CONVERSION = YES;
				CLANG_WARN_OBJC_ROOT_CLASS = YES_ERROR;
				CLANG_WARN_QUOTED_INCLUDE_IN_FRAMEWORK_HEADER = YES;
				CLANG_WARN_RANGE_LOOP_ANALYSIS = YES;
				CLANG_WARN_STRICT_PROTOTYPES = YES;
				CLANG_WARN_SUSPICIOUS_MOVE = YES;
				CLANG_WARN_UNGUARDED_AVAILABILITY = YES_AGGRESSIVE;
				CLANG_WARN_UNREACHABLE_CODE = YES;
				CLANG_WARN__DUPLICATE_METHOD_MATCH = YES;
				COPY_PHASE_STRIP = NO;
				DEBUG_INFORMATION_FORMAT = "dwarf-with-dsym";
				ENABLE_NS_ASSERTIONS = NO;
				ENABLE_STRICT_OBJC_MSGSEND = YES;
				GCC_C_LANGUAGE_STANDARD = gnu11;
				GCC_NO_COMMON_BLOCKS = YES;
				GCC_WARN_64_TO_32_BIT_CONVERSION = YES;
				GCC_WARN_ABOUT_RETURN_TYPE = YES_ERROR;
				GCC_WARN_UNDECLARED_SELECTOR = YES;
				GCC_WARN_UNINITIALIZED_AUTOS = YES_AGGRESSIVE;
				GCC_WARN_UNUSED_FUNCTION = YES;
				GCC_WARN_UNUSED_VARIABLE = YES;
				IPHONEOS_DEPLOYMENT_TARGET = 16.4;
				MTL_ENABLE_DEBUG_INFO = NO;
				MTL_FAST_MATH = YES;
				SDKROOT = iphoneos;
				SWIFT_COMPILATION_MODE = wholemodule;
				SWIFT_OPTIMIZATION_LEVEL = "-O";
				VALIDATE_PRODUCT = YES;
			};
			name = Release;
		};
		CDAAD03129FF09DC00C66DF5 /* Debug */ = {
			isa = XCBuildConfiguration;
			buildSettings = {
				ASSETCATALOG_COMPILER_APPICON_NAME = AppIcon;
				ASSETCATALOG_COMPILER_GLOBAL_ACCENT_COLOR_NAME = AccentColor;
				CODE_SIGN_STYLE = Automatic;
				CURRENT_PROJECT_VERSION = 1;
				DEVELOPMENT_ASSET_PATHS = "\"CryptoCrazySwiftUI/Preview Content\"";
				DEVELOPMENT_TEAM = JZ74XGGJ4P;
				ENABLE_PREVIEWS = YES;
				GENERATE_INFOPLIST_FILE = YES;
				INFOPLIST_KEY_UIApplicationSceneManifest_Generation = YES;
				INFOPLIST_KEY_UIApplicationSupportsIndirectInputEvents = YES;
				INFOPLIST_KEY_UILaunchScreen_Generation = YES;
				INFOPLIST_KEY_UISupportedInterfaceOrientations_iPad = "UIInterfaceOrientationPortrait UIInterfaceOrientationPortraitUpsideDown UIInterfaceOrientationLandscapeLeft UIInterfaceOrientationLandscapeRight";
				INFOPLIST_KEY_UISupportedInterfaceOrientations_iPhone = "UIInterfaceOrientationPortrait UIInterfaceOrientationLandscapeLeft UIInterfaceOrientationLandscapeRight";
				LD_RUNPATH_SEARCH_PATHS = (
					"$(inherited)",
					"@executable_path/Frameworks",
				);
				MARKETING_VERSION = 1.0;
				PRODUCT_BUNDLE_IDENTIFIER = com.osmncn.CryptoCrazySwiftUI;
				PRODUCT_NAME = "$(TARGET_NAME)";
				SWIFT_EMIT_LOC_STRINGS = YES;
				SWIFT_VERSION = 5.0;
				TARGETED_DEVICE_FAMILY = "1,2";
			};
			name = Debug;
		};
		CDAAD03229FF09DC00C66DF5 /* Release */ = {
			isa = XCBuildConfiguration;
			buildSettings = {
				ASSETCATALOG_COMPILER_APPICON_NAME = AppIcon;
				ASSETCATALOG_COMPILER_GLOBAL_ACCENT_COLOR_NAME = AccentColor;
				CODE_SIGN_STYLE = Automatic;
				CURRENT_PROJECT_VERSION = 1;
				DEVELOPMENT_ASSET_PATHS = "\"CryptoCrazySwiftUI/Preview Content\"";
				DEVELOPMENT_TEAM = JZ74XGGJ4P;
				ENABLE_PREVIEWS = YES;
				GENERATE_INFOPLIST_FILE = YES;
				INFOPLIST_KEY_UIApplicationSceneManifest_Generation = YES;
				INFOPLIST_KEY_UIApplicationSupportsIndirectInputEvents = YES;
				INFOPLIST_KEY_UILaunchScreen_Generation = YES;
				INFOPLIST_KEY_UISupportedInterfaceOrientations_iPad = "UIInterfaceOrientationPortrait UIInterfaceOrientationPortraitUpsideDown UIInterfaceOrientationLandscapeLeft UIInterfaceOrientationLandscapeRight";
				INFOPLIST_KEY_UISupportedInterfaceOrientations_iPhone = "UIInterfaceOrientationPortrait UIInterfaceOrientationLandscapeLeft UIInterfaceOrientationLandscapeRight";
				LD_RUNPATH_SEARCH_PATHS = (
					"$(inherited)",
					"@executable_path/Frameworks",
				);
				MARKETING_VERSION = 1.0;
				PRODUCT_BUNDLE_IDENTIFIER = com.osmncn.CryptoCrazySwiftUI;
				PRODUCT_NAME = "$(TARGET_NAME)";
				SWIFT_EMIT_LOC_STRINGS = YES;
				SWIFT_VERSION = 5.0;
				TARGETED_DEVICE_FAMILY = "1,2";
			};
			name = Release;
		};
/* End XCBuildConfiguration section */

/* Begin XCConfigurationList section */
		CDAAD01D29FF09DB00C66DF5 /* Build configuration list for PBXProject "CryptoCrazySwiftUI" */ = {
			isa = XCConfigurationList;
			buildConfigurations = (
				CDAAD02E29FF09DC00C66DF5 /* Debug */,
				CDAAD02F29FF09DC00C66DF5 /* Release */,
			);
			defaultConfigurationIsVisible = 0;
			defaultConfigurationName = Release;
		};
		CDAAD03029FF09DC00C66DF5 /* Build configuration list for PBXNativeTarget "CryptoCrazySwiftUI" */ = {
			isa = XCConfigurationList;
			buildConfigurations = (
				CDAAD03129FF09DC00C66DF5 /* Debug */,
				CDAAD03229FF09DC00C66DF5 /* Release */,
			);
			defaultConfigurationIsVisible = 0;
			defaultConfigurationName = Release;
		};
/* End XCConfigurationList section */
	};
	rootObject = CDAAD01A29FF09DB00C66DF5 /* Project object */;
}
